
Microsoft Visual Studio Solution File, Format Version 12.00
# Visual Studio Version 16
VisualStudioVersion = 16.0.29911.84
MinimumVisualStudioVersion = 10.0.40219.1
Project("{FAE04EC0-301F-11D3-BF4B-00C04F79EFBC}") = "ADOSample", "ADOSample\ADOSample.csproj", "{AD6754ED-B6B3-4833-8F07-2BAE66CE9C3F}"
EndProject
Global
	GlobalSection(SolutionConfigurationPlatforms) = preSolution
		Debug|Any CPU = Debug|Any CPU
		Release|Any CPU = Release|Any CPU
	EndGlobalSection
	GlobalSection(ProjectConfigurationPlatforms) = postSolution
		{AD6754ED-B6B3-4833-8F07-2BAE66CE9C3F}.Debug|Any CPU.ActiveCfg = Debug|Any CPU
		{AD6754ED-B6B3-4833-8F07-2BAE66CE9C3F}.Debug|Any CPU.Build.0 = Debug|Any CPU
		{AD6754ED-B6B3-4833-8F07-2BAE66CE9C3F}.Release|Any CPU.ActiveCfg = Release|Any CPU
		{AD6754ED-B6B3-4833-8F07-2BAE66CE9C3F}.Release|Any CPU.Build.0 = Release|Any CPU
	EndGlobalSection
	GlobalSection(SolutionProperties) = preSolution
		HideSolutionNode = FALSE
	EndGlobalSection
	GlobalSection(ExtensibilityGlobals) = postSolution
		SolutionGuid = {9DA06BB2-DDB4-44FC-A424-987E75D88175}
	EndGlobalSection
EndGlobal
